// !$*UTF8*$!
{
	archiveVersion = 1;
	classes = {
	};
	objectVersion = 46;
	objects = {

/* Begin PBXBuildFile section */
		A3A48C3F1D409A9C00C8FDEB /* main.m in Sources */ = {isa = PBXBuildFile; fileRef = A3A48C3E1D409A9C00C8FDEB /* main.m */; };
		A3A48C421D409A9C00C8FDEB /* AppDelegate.m in Sources */ = {isa = PBXBuildFile; fileRef = A3A48C411D409A9C00C8FDEB /* AppDelegate.m */; };
		A3A48C451D409A9C00C8FDEB /* ViewController.m in Sources */ = {isa = PBXBuildFile; fileRef = A3A48C441D409A9C00C8FDEB /* ViewController.m */; };
		A3A48C481D409A9C00C8FDEB /* Main.storyboard in Resources */ = {isa = PBXBuildFile; fileRef = A3A48C461D409A9C00C8FDEB /* Main.storyboard */; };
		A3A48C4A1D409A9C00C8FDEB /* Assets.xcassets in Resources */ = {isa = PBXBuildFile; fileRef = A3A48C491D409A9C00C8FDEB /* Assets.xcassets */; };
		A3A48C4D1D409A9C00C8FDEB /* LaunchScreen.storyboard in Resources */ = {isa = PBXBuildFile; fileRef = A3A48C4B1D409A9C00C8FDEB /* LaunchScreen.storyboard */; };
		A3A48C5F1D40A5C800C8FDEB /* ViewControllerTransition.m in Sources */ = {isa = PBXBuildFile; fileRef = A3A48C5E1D40A5C800C8FDEB /* ViewControllerTransition.m */; };
		A3A48C621D40B51800C8FDEB /* PushViewController.m in Sources */ = {isa = PBXBuildFile; fileRef = A3A48C611D40B51800C8FDEB /* PushViewController.m */; };
		A3A48C641D40B7D100C8FDEB /* 11.jpg in Resources */ = {isa = PBXBuildFile; fileRef = A3A48C631D40B7D100C8FDEB /* 11.jpg */; };
		A3A48C671D40BD8C00C8FDEB /* BaseViewController.m in Sources */ = {isa = PBXBuildFile; fileRef = A3A48C661D40BD8C00C8FDEB /* BaseViewController.m */; };
		A3A48C6D1D40D07B00C8FDEB /* UIView+SetRect.m in Sources */ = {isa = PBXBuildFile; fileRef = A3A48C6C1D40D07B00C8FDEB /* UIView+SetRect.m */; };
/* End PBXBuildFile section */

/* Begin PBXFileReference section */
		A3A48C3A1D409A9C00C8FDEB /* AnimationDemo.app */ = {isa = PBXFileReference; explicitFileType = wrapper.application; includeInIndex = 0; path = AnimationDemo.app; sourceTree = BUILT_PRODUCTS_DIR; };
		A3A48C3E1D409A9C00C8FDEB /* main.m */ = {isa = PBXFileReference; lastKnownFileType = sourcecode.c.objc; path = main.m; sourceTree = "<group>"; };
		A3A48C401D409A9C00C8FDEB /* AppDelegate.h */ = {isa = PBXFileReference; lastKnownFileType = sourcecode.c.h; path = AppDelegate.h; sourceTree = "<group>"; };
		A3A48C411D409A9C00C8FDEB /* AppDelegate.m */ = {isa = PBXFileReference; lastKnownFileType = sourcecode.c.objc; path = AppDelegate.m; sourceTree = "<group>"; };
		A3A48C431D409A9C00C8FDEB /* ViewController.h */ = {isa = PBXFileReference; lastKnownFileType = sourcecode.c.h; path = ViewController.h; sourceTree = "<group>"; };
		A3A48C441D409A9C00C8FDEB /* ViewController.m */ = {isa = PBXFileReference; lastKnownFileType = sourcecode.c.objc; path = ViewController.m; sourceTree = "<group>"; };
		A3A48C471D409A9C00C8FDEB /* Base */ = {isa = PBXFileReference; lastKnownFileType = file.storyboard; name = Base; path = Base.lproj/Main.storyboard; sourceTree = "<group>"; };
		A3A48C491D409A9C00C8FDEB /* Assets.xcassets */ = {isa = PBXFileReference; lastKnownFileType = folder.assetcatalog; path = Assets.xcassets; sourceTree = "<group>"; };
		A3A48C4C1D409A9C00C8FDEB /* Base */ = {isa = PBXFileReference; lastKnownFileType = file.storyboard; name = Base; path = Base.lproj/LaunchScreen.storyboard; sourceTree = "<group>"; };
		A3A48C4E1D409A9C00C8FDEB /* Info.plist */ = {isa = PBXFileReference; lastKnownFileType = text.plist.xml; path = Info.plist; sourceTree = "<group>"; };
		A3A48C5C1D409D0900C8FDEB /* AnimationDemo.pch */ = {isa = PBXFileReference; fileEncoding = 4; lastKnownFileType = sourcecode.c.h; path = AnimationDemo.pch; sourceTree = "<group>"; };
		A3A48C5D1D40A5C800C8FDEB /* ViewControllerTransition.h */ = {isa = PBXFileReference; fileEncoding = 4; lastKnownFileType = sourcecode.c.h; path = ViewControllerTransition.h; sourceTree = "<group>"; };
		A3A48C5E1D40A5C800C8FDEB /* ViewControllerTransition.m */ = {isa = PBXFileReference; fileEncoding = 4; lastKnownFileType = sourcecode.c.objc; path = ViewControllerTransition.m; sourceTree = "<group>"; };
		A3A48C601D40B51800C8FDEB /* PushViewController.h */ = {isa = PBXFileReference; fileEncoding = 4; lastKnownFileType = sourcecode.c.h; path = PushViewController.h; sourceTree = "<group>"; };
		A3A48C611D40B51800C8FDEB /* PushViewController.m */ = {isa = PBXFileReference; fileEncoding = 4; lastKnownFileType = sourcecode.c.objc; path = PushViewController.m; sourceTree = "<group>"; };
		A3A48C631D40B7D100C8FDEB /* 11.jpg */ = {isa = PBXFileReference; lastKnownFileType = image.jpeg; path = 11.jpg; sourceTree = "<group>"; };
		A3A48C651D40BD8C00C8FDEB /* BaseViewController.h */ = {isa = PBXFileReference; fileEncoding = 4; lastKnownFileType = sourcecode.c.h; path = BaseViewController.h; sourceTree = "<group>"; };
		A3A48C661D40BD8C00C8FDEB /* BaseViewController.m */ = {isa = PBXFileReference; fileEncoding = 4; lastKnownFileType = sourcecode.c.objc; path = BaseViewController.m; sourceTree = "<group>"; };
		A3A48C6B1D40D07B00C8FDEB /* UIView+SetRect.h */ = {isa = PBXFileReference; fileEncoding = 4; lastKnownFileType = sourcecode.c.h; path = "UIView+SetRect.h"; sourceTree = "<group>"; };
		A3A48C6C1D40D07B00C8FDEB /* UIView+SetRect.m */ = {isa = PBXFileReference; fileEncoding = 4; lastKnownFileType = sourcecode.c.objc; path = "UIView+SetRect.m"; sourceTree = "<group>"; };
/* End PBXFileReference section */

/* Begin PBXFrameworksBuildPhase section */
		A3A48C371D409A9C00C8FDEB /* Frameworks */ = {
			isa = PBXFrameworksBuildPhase;
			buildActionMask = 2147483647;
			files = (
			);
			runOnlyForDeploymentPostprocessing = 0;
		};
/* End PBXFrameworksBuildPhase section */

/* Begin PBXGroup section */
		A3A48C311D409A9C00C8FDEB = {
			isa = PBXGroup;
			children = (
				A3A48C3C1D409A9C00C8FDEB /* AnimationDemo */,
				A3A48C3B1D409A9C00C8FDEB /* Products */,
			);
			sourceTree = "<group>";
		};
		A3A48C3B1D409A9C00C8FDEB /* Products */ = {
			isa = PBXGroup;
			children = (
				A3A48C3A1D409A9C00C8FDEB /* AnimationDemo.app */,
			);
			name = Products;
			sourceTree = "<group>";
		};
		A3A48C3C1D409A9C00C8FDEB /* AnimationDemo */ = {
			isa = PBXGroup;
			children = (
				A3A48C6B1D40D07B00C8FDEB /* UIView+SetRect.h */,
				A3A48C6C1D40D07B00C8FDEB /* UIView+SetRect.m */,
				A3A48C631D40B7D100C8FDEB /* 11.jpg */,
				A3A48C401D409A9C00C8FDEB /* AppDelegate.h */,
				A3A48C411D409A9C00C8FDEB /* AppDelegate.m */,
				A3A48C491D409A9C00C8FDEB /* Assets.xcassets */,
				A3A48C4E1D409A9C00C8FDEB /* Info.plist */,
				A3A48C4B1D409A9C00C8FDEB /* LaunchScreen.storyboard */,
				A3A48C461D409A9C00C8FDEB /* Main.storyboard */,
				A3A48C431D409A9C00C8FDEB /* ViewController.h */,
				A3A48C441D409A9C00C8FDEB /* ViewController.m */,
				A3A48C601D40B51800C8FDEB /* PushViewController.h */,
				A3A48C611D40B51800C8FDEB /* PushViewController.m */,
				A3A48C3D1D409A9C00C8FDEB /* Supporting Files */,
				A3A48C5D1D40A5C800C8FDEB /* ViewControllerTransition.h */,
				A3A48C5E1D40A5C800C8FDEB /* ViewControllerTransition.m */,
				A3A48C651D40BD8C00C8FDEB /* BaseViewController.h */,
				A3A48C661D40BD8C00C8FDEB /* BaseViewController.m */,
			);
			path = AnimationDemo;
			sourceTree = "<group>";
		};
		A3A48C3D1D409A9C00C8FDEB /* Supporting Files */ = {
			isa = PBXGroup;
			children = (
				A3A48C3E1D409A9C00C8FDEB /* main.m */,
				A3A48C5C1D409D0900C8FDEB /* AnimationDemo.pch */,
			);
			name = "Supporting Files";
			sourceTree = "<group>";
		};
/* End PBXGroup section */

/* Begin PBXNativeTarget section */
		A3A48C391D409A9C00C8FDEB /* AnimationDemo */ = {
			isa = PBXNativeTarget;
			buildConfigurationList = A3A48C511D409A9C00C8FDEB /* Build configuration list for PBXNativeTarget "AnimationDemo" */;
			buildPhases = (
				A3A48C361D409A9C00C8FDEB /* Sources */,
				A3A48C371D409A9C00C8FDEB /* Frameworks */,
				A3A48C381D409A9C00C8FDEB /* Resources */,
			);
			buildRules = (
			);
			dependencies = (
			);
			name = AnimationDemo;
			productName = AnimationDemo;
			productReference = A3A48C3A1D409A9C00C8FDEB /* AnimationDemo.app */;
			productType = "com.apple.product-type.application";
		};
/* End PBXNativeTarget section */

/* Begin PBXProject section */
		A3A48C321D409A9C00C8FDEB /* Project object */ = {
			isa = PBXProject;
			attributes = {
				LastUpgradeCheck = 0730;
				ORGANIZATIONNAME = Sunny;
				TargetAttributes = {
					A3A48C391D409A9C00C8FDEB = {
						CreatedOnToolsVersion = 7.3.1;
					};
				};
			};
			buildConfigurationList = A3A48C351D409A9C00C8FDEB /* Build configuration list for PBXProject "AnimationDemo" */;
			compatibilityVersion = "Xcode 3.2";
			developmentRegion = English;
			hasScannedForEncodings = 0;
			knownRegions = (
				en,
				Base,
			);
			mainGroup = A3A48C311D409A9C00C8FDEB;
			productRefGroup = A3A48C3B1D409A9C00C8FDEB /* Products */;
			projectDirPath = "";
			projectRoot = "";
			targets = (
				A3A48C391D409A9C00C8FDEB /* AnimationDemo */,
			);
		};
/* End PBXProject section */

/* Begin PBXResourcesBuildPhase section */
		A3A48C381D409A9C00C8FDEB /* Resources */ = {
			isa = PBXResourcesBuildPhase;
			buildActionMask = 2147483647;
			files = (
				A3A48C4D1D409A9C00C8FDEB /* LaunchScreen.storyboard in Resources */,
				A3A48C4A1D409A9C00C8FDEB /* Assets.xcassets in Resources */,
				A3A48C481D409A9C00C8FDEB /* Main.storyboard in Resources */,
				A3A48C641D40B7D100C8FDEB /* 11.jpg in Resources */,
			);
			runOnlyForDeploymentPostprocessing = 0;
		};
/* End PBXResourcesBuildPhase section */

/* Begin PBXSourcesBuildPhase section */
		A3A48C361D409A9C00C8FDEB /* Sources */ = {
			isa = PBXSourcesBuildPhase;
			buildActionMask = 2147483647;
			files = (
				A3A48C451D409A9C00C8FDEB /* ViewController.m in Sources */,
				A3A48C421D409A9C00C8FDEB /* AppDelegate.m in Sources */,
				A3A48C621D40B51800C8FDEB /* PushViewController.m in Sources */,
				A3A48C3F1D409A9C00C8FDEB /* main.m in Sources */,
				A3A48C671D40BD8C00C8FDEB /* BaseViewController.m in Sources */,
				A3A48C6D1D40D07B00C8FDEB /* UIView+SetRect.m in Sources */,
				A3A48C5F1D40A5C800C8FDEB /* ViewControllerTransition.m in Sources */,
			);
			runOnlyForDeploymentPostprocessing = 0;
		};
/* End PBXSourcesBuildPhase section */

/* Begin PBXVariantGroup section */
		A3A48C461D409A9C00C8FDEB /* Main.storyboard */ = {
			isa = PBXVariantGroup;
			children = (
				A3A48C471D409A9C00C8FDEB /* Base */,
			);
			name = Main.storyboard;
			sourceTree = "<group>";
		};
		A3A48C4B1D409A9C00C8FDEB /* LaunchScreen.storyboard */ = {
			isa = PBXVariantGroup;
			children = (
				A3A48C4C1D409A9C00C8FDEB /* Base */,
			);
			name = LaunchScreen.storyboard;
			sourceTree = "<group>";
		};
/* End PBXVariantGroup section */

/* Begin XCBuildConfiguration section */
		A3A48C4F1D409A9C00C8FDEB /* Debug */ = {
			isa = XCBuildConfiguration;
			buildSettings = {
				ALWAYS_SEARCH_USER_PATHS = NO;
				CLANG_ANALYZER_NONNULL = YES;
				CLANG_CXX_LANGUAGE_STANDARD = "gnu++0x";
				CLANG_CXX_LIBRARY = "libc++";
				CLANG_ENABLE_MODULES = YES;
				CLANG_ENABLE_OBJC_ARC = YES;
				CLANG_WARN_BOOL_CONVERSION = YES;
				CLANG_WARN_CONSTANT_CONVERSION = YES;
				CLANG_WARN_DIRECT_OBJC_ISA_USAGE = YES_ERROR;
				CLANG_WARN_EMPTY_BODY = YES;
				CLANG_WARN_ENUM_CONVERSION = YES;
				CLANG_WARN_INT_CONVERSION = YES;
				CLANG_WARN_OBJC_ROOT_CLASS = YES_ERROR;
				CLANG_WARN_UNREACHABLE_CODE = YES;
				CLANG_WARN__DUPLICATE_METHOD_MATCH = YES;
				"CODE_SIGN_IDENTITY[sdk=iphoneos*]" = "iPhone Developer";
				COPY_PHASE_STRIP = NO;
				DEBUG_INFORMATION_FORMAT = dwarf;
				ENABLE_STRICT_OBJC_MSGSEND = YES;
				ENABLE_TESTABILITY = YES;
				GCC_C_LANGUAGE_STANDARD = gnu99;
				GCC_DYNAMIC_NO_PIC = NO;
				GCC_NO_COMMON_BLOCKS = YES;
				GCC_OPTIMIZATION_LEVEL = 0;
				GCC_PREPROCESSOR_DEFINITIONS = (
					"DEBUG=1",
					"$(inherited)",
				);
				GCC_WARN_64_TO_32_BIT_CONVERSION = YES;
				GCC_WARN_ABOUT_RETURN_TYPE = YES_ERROR;
				GCC_WARN_UNDECLARED_SELECTOR = YES;
				GCC_WARN_UNINITIALIZED_AUTOS = YES_AGGRESSIVE;
				GCC_WARN_UNUSED_FUNCTION = YES;
				GCC_WARN_UNUSED_VARIABLE = YES;
				IPHONEOS_DEPLOYMENT_TARGET = 9.3;
				MTL_ENABLE_DEBUG_INFO = YES;
				ONLY_ACTIVE_ARCH = YES;
				SDKROOT = iphoneos;
				TARGETED_DEVICE_FAMILY = "1,2";
			};
			name = Debug;
		};
		A3A48C501D409A9C00C8FDEB /* Release */ = {
			isa = XCBuildConfiguration;
			buildSettings = {
				ALWAYS_SEARCH_USER_PATHS = NO;
				CLANG_ANALYZER_NONNULL = YES;
				CLANG_CXX_LANGUAGE_STANDARD = "gnu++0x";
				CLANG_CXX_LIBRARY = "libc++";
				CLANG_ENABLE_MODULES = YES;
				CLANG_ENABLE_OBJC_ARC = YES;
				CLANG_WARN_BOOL_CONVERSION = YES;
				CLANG_WARN_CONSTANT_CONVERSION = YES;
				CLANG_WARN_DIRECT_OBJC_ISA_USAGE = YES_ERROR;
				CLANG_WARN_EMPTY_BODY = YES;
				CLANG_WARN_ENUM_CONVERSION = YES;
				CLANG_WARN_INT_CONVERSION = YES;
				CLANG_WARN_OBJC_ROOT_CLASS = YES_ERROR;
				CLANG_WARN_UNREACHABLE_CODE = YES;
				CLANG_WARN__DUPLICATE_METHOD_MATCH = YES;
				"CODE_SIGN_IDENTITY[sdk=iphoneos*]" = "iPhone Developer";
				COPY_PHASE_STRIP = NO;
				DEBUG_INFORMATION_FORMAT = "dwarf-with-dsym";
				ENABLE_NS_ASSERTIONS = NO;
				ENABLE_STRICT_OBJC_MSGSEND = YES;
				GCC_C_LANGUAGE_STANDARD = gnu99;
				GCC_NO_COMMON_BLOCKS = YES;
				GCC_WARN_64_TO_32_BIT_CONVERSION = YES;
				GCC_WARN_ABOUT_RETURN_TYPE = YES_ERROR;
				GCC_WARN_UNDECLARED_SELECTOR = YES;
				GCC_WARN_UNINITIALIZED_AUTOS = YES_AGGRESSIVE;
				GCC_WARN_UNUSED_FUNCTION = YES;
				GCC_WARN_UNUSED_VARIABLE = YES;
				IPHONEOS_DEPLOYMENT_TARGET = 9.3;
				MTL_ENABLE_DEBUG_INFO = NO;
				SDKROOT = iphoneos;
				TARGETED_DEVICE_FAMILY = "1,2";
				VALIDATE_PRODUCT = YES;
			};
			name = Release;
		};
		A3A48C521D409A9C00C8FDEB /* Debug */ = {
			isa = XCBuildConfiguration;
			buildSettings = {
				ASSETCATALOG_COMPILER_APPICON_NAME = AppIcon;
				GCC_PREFIX_HEADER = AnimationDemo/AnimationDemo.pch;
				INFOPLIST_FILE = AnimationDemo/Info.plist;
				LD_RUNPATH_SEARCH_PATHS = "$(inherited) @executable_path/Frameworks";
				PRODUCT_BUNDLE_IDENTIFIER = com.Sunny.cn.AnimationDemo;
				PRODUCT_NAME = "$(TARGET_NAME)";
			};
			name = Debug;
		};
		A3A48C531D409A9C00C8FDEB /* Release */ = {
			isa = XCBuildConfiguration;
			buildSettings = {
				ASSETCATALOG_COMPILER_APPICON_NAME = AppIcon;
				GCC_PREFIX_HEADER = AnimationDemo/AnimationDemo.pch;
				INFOPLIST_FILE = AnimationDemo/Info.plist;
				LD_RUNPATH_SEARCH_PATHS = "$(inherited) @executable_path/Frameworks";
				PRODUCT_BUNDLE_IDENTIFIER = com.Sunny.cn.AnimationDemo;
				PRODUCT_NAME = "$(TARGET_NAME)";
			};
			name = Release;
		};
/* End XCBuildConfiguration section */

/* Begin XCConfigurationList section */
		A3A48C351D409A9C00C8FDEB /* Build configuration list for PBXProject "AnimationDemo" */ = {
			isa = XCConfigurationList;
			buildConfigurations = (
				A3A48C4F1D409A9C00C8FDEB /* Debug */,
				A3A48C501D409A9C00C8FDEB /* Release */,
			);
			defaultConfigurationIsVisible = 0;
			defaultConfigurationName = Release;
		};
		A3A48C511D409A9C00C8FDEB /* Build configuration list for PBXNativeTarget "AnimationDemo" */ = {
			isa = XCConfigurationList;
			buildConfigurations = (
				A3A48C521D409A9C00C8FDEB /* Debug */,
				A3A48C531D409A9C00C8FDEB /* Release */,
			);
			defaultConfigurationIsVisible = 0;
		};
/* End XCConfigurationList section */
	};
	rootObject = A3A48C321D409A9C00C8FDEB /* Project object */;
}
